PODS:
  - LicensePlist (2.9.0)
  - R.swift (5.1.0):
    - R.swift.Library (~> 5.1.0)
  - R.swift.Library (5.1.0)

DEPENDENCIES:
  - LicensePlist
  - R.swift

SPEC REPOS:
  trunk:
    - LicensePlist
    - R.swift
    - R.swift.Library

SPEC CHECKSUMS:
  LicensePlist: 94c2f54bb9cc5427797addaeb716cfaba3544e89
  R.swift: 8cbc4fc69b740305b6a17c8a8ed968eb788962d9
  R.swift.Library: fa85ce1e0d0b7e818cd9e080df910ba54d2776cc

PODFILE CHECKSUM: 2ecb3707be8683bb17c2584e273cd18534109f7f

COCOAPODS: 1.8.4
